// !$*UTF8*$!
{
	archiveVersion = 1;
	classes = {
	};
	objectVersion = 48;
	objects = {

/* Begin PBXBuildFile section */
		42C16641200D025500D4F8EF /* AppDelegate.swift in Sources */ = {isa = PBXBuildFile; fileRef = 42C16640200D025500D4F8EF /* AppDelegate.swift */; };
		42C16643200D025500D4F8EF /* ViewController.swift in Sources */ = {isa = PBXBuildFile; fileRef = 42C16642200D025500D4F8EF /* ViewController.swift */; };
		42C16646200D025500D4F8EF /* Main.storyboard in Resources */ = {isa = PBXBuildFile; fileRef = 42C16644200D025500D4F8EF /* Main.storyboard */; };
		42C16648200D025500D4F8EF /* Assets.xcassets in Resources */ = {isa = PBXBuildFile; fileRef = 42C16647200D025500D4F8EF /* Assets.xcassets */; };
		42C1664B200D025500D4F8EF /* LaunchScreen.storyboard in Resources */ = {isa = PBXBuildFile; fileRef = 42C16649200D025500D4F8EF /* LaunchScreen.storyboard */; };
		42C16656200D025500D4F8EF /* HelloCoreMLTests.swift in Sources */ = {isa = PBXBuildFile; fileRef = 42C16655200D025500D4F8EF /* HelloCoreMLTests.swift */; };
		42C16661200D025500D4F8EF /* HelloCoreMLUITests.swift in Sources */ = {isa = PBXBuildFile; fileRef = 42C16660200D025500D4F8EF /* HelloCoreMLUITests.swift */; };
/* End PBXBuildFile section */

/* Begin PBXContainerItemProxy section */
		42C16652200D025500D4F8EF /* PBXContainerItemProxy */ = {
			isa = PBXContainerItemProxy;
			containerPortal = 42C16635200D025400D4F8EF /* Project object */;
			proxyType = 1;
			remoteGlobalIDString = 42C1663C200D025500D4F8EF;
			remoteInfo = HelloCoreML;
		};
		42C1665D200D025500D4F8EF /* PBXContainerItemProxy */ = {
			isa = PBXContainerItemProxy;
			containerPortal = 42C16635200D025400D4F8EF /* Project object */;
			proxyType = 1;
			remoteGlobalIDString = 42C1663C200D025500D4F8EF;
			remoteInfo = HelloCoreML;
		};
/* End PBXContainerItemProxy section */

/* Begin PBXFileReference section */
		42C1663D200D025500D4F8EF /* HelloCoreML.app */ = {isa = PBXFileReference; explicitFileType = wrapper.application; includeInIndex = 0; path = HelloCoreML.app; sourceTree = BUILT_PRODUCTS_DIR; };
		42C16640200D025500D4F8EF /* AppDelegate.swift */ = {isa = PBXFileReference; lastKnownFileType = sourcecode.swift; path = AppDelegate.swift; sourceTree = "<group>"; };
		42C16642200D025500D4F8EF /* ViewController.swift */ = {isa = PBXFileReference; lastKnownFileType = sourcecode.swift; path = ViewController.swift; sourceTree = "<group>"; };
		42C16645200D025500D4F8EF /* Base */ = {isa = PBXFileReference; lastKnownFileType = file.storyboard; name = Base; path = Base.lproj/Main.storyboard; sourceTree = "<group>"; };
		42C16647200D025500D4F8EF /* Assets.xcassets */ = {isa = PBXFileReference; lastKnownFileType = folder.assetcatalog; path = Assets.xcassets; sourceTree = "<group>"; };
		42C1664A200D025500D4F8EF /* Base */ = {isa = PBXFileReference; lastKnownFileType = file.storyboard; name = Base; path = Base.lproj/LaunchScreen.storyboard; sourceTree = "<group>"; };
		42C1664C200D025500D4F8EF /* Info.plist */ = {isa = PBXFileReference; lastKnownFileType = text.plist.xml; path = Info.plist; sourceTree = "<group>"; };
		42C16651200D025500D4F8EF /* HelloCoreMLTests.xctest */ = {isa = PBXFileReference; explicitFileType = wrapper.cfbundle; includeInIndex = 0; path = HelloCoreMLTests.xctest; sourceTree = BUILT_PRODUCTS_DIR; };
		42C16655200D025500D4F8EF /* HelloCoreMLTests.swift */ = {isa = PBXFileReference; lastKnownFileType = sourcecode.swift; path = HelloCoreMLTests.swift; sourceTree = "<group>"; };
		42C16657200D025500D4F8EF /* Info.plist */ = {isa = PBXFileReference; lastKnownFileType = text.plist.xml; path = Info.plist; sourceTree = "<group>"; };
		42C1665C200D025500D4F8EF /* HelloCoreMLUITests.xctest */ = {isa = PBXFileReference; explicitFileType = wrapper.cfbundle; includeInIndex = 0; path = HelloCoreMLUITests.xctest; sourceTree = BUILT_PRODUCTS_DIR; };
		42C16660200D025500D4F8EF /* HelloCoreMLUITests.swift */ = {isa = PBXFileReference; lastKnownFileType = sourcecode.swift; path = HelloCoreMLUITests.swift; sourceTree = "<group>"; };
		42C16662200D025500D4F8EF /* Info.plist */ = {isa = PBXFileReference; lastKnownFileType = text.plist.xml; path = Info.plist; sourceTree = "<group>"; };
/* End PBXFileReference section */

/* Begin PBXFrameworksBuildPhase section */
		42C1663A200D025500D4F8EF /* Frameworks */ = {
			isa = PBXFrameworksBuildPhase;
			buildActionMask = 2147483647;
			files = (
			);
			runOnlyForDeploymentPostprocessing = 0;
		};
		42C1664E200D025500D4F8EF /* Frameworks */ = {
			isa = PBXFrameworksBuildPhase;
			buildActionMask = 2147483647;
			files = (
			);
			runOnlyForDeploymentPostprocessing = 0;
		};
		42C16659200D025500D4F8EF /* Frameworks */ = {
			isa = PBXFrameworksBuildPhase;
			buildActionMask = 2147483647;
			files = (
			);
			runOnlyForDeploymentPostprocessing = 0;
		};
/* End PBXFrameworksBuildPhase section */

/* Begin PBXGroup section */
		42C16634200D025400D4F8EF = {
			isa = PBXGroup;
			children = (
				42C1663F200D025500D4F8EF /* HelloCoreML */,
				42C16654200D025500D4F8EF /* HelloCoreMLTests */,
				42C1665F200D025500D4F8EF /* HelloCoreMLUITests */,
				42C1663E200D025500D4F8EF /* Products */,
			);
			sourceTree = "<group>";
		};
		42C1663E200D025500D4F8EF /* Products */ = {
			isa = PBXGroup;
			children = (
				42C1663D200D025500D4F8EF /* HelloCoreML.app */,
				42C16651200D025500D4F8EF /* HelloCoreMLTests.xctest */,
				42C1665C200D025500D4F8EF /* HelloCoreMLUITests.xctest */,
			);
			name = Products;
			sourceTree = "<group>";
		};
		42C1663F200D025500D4F8EF /* HelloCoreML */ = {
			isa = PBXGroup;
			children = (
				42C16640200D025500D4F8EF /* AppDelegate.swift */,
				42C16642200D025500D4F8EF /* ViewController.swift */,
				42C16644200D025500D4F8EF /* Main.storyboard */,
				42C16647200D025500D4F8EF /* Assets.xcassets */,
				42C16649200D025500D4F8EF /* LaunchScreen.storyboard */,
				42C1664C200D025500D4F8EF /* Info.plist */,
			);
			path = HelloCoreML;
			sourceTree = "<group>";
		};
		42C16654200D025500D4F8EF /* HelloCoreMLTests */ = {
			isa = PBXGroup;
			children = (
				42C16655200D025500D4F8EF /* HelloCoreMLTests.swift */,
				42C16657200D025500D4F8EF /* Info.plist */,
			);
			path = HelloCoreMLTests;
			sourceTree = "<group>";
		};
		42C1665F200D025500D4F8EF /* HelloCoreMLUITests */ = {
			isa = PBXGroup;
			children = (
				42C16660200D025500D4F8EF /* HelloCoreMLUITests.swift */,
				42C16662200D025500D4F8EF /* Info.plist */,
			);
			path = HelloCoreMLUITests;
			sourceTree = "<group>";
		};
/* End PBXGroup section */

/* Begin PBXNativeTarget section */
		42C1663C200D025500D4F8EF /* HelloCoreML */ = {
			isa = PBXNativeTarget;
			buildConfigurationList = 42C16665200D025500D4F8EF /* Build configuration list for PBXNativeTarget "HelloCoreML" */;
			buildPhases = (
				42C16639200D025500D4F8EF /* Sources */,
				42C1663A200D025500D4F8EF /* Frameworks */,
				42C1663B200D025500D4F8EF /* Resources */,
			);
			buildRules = (
			);
			dependencies = (
			);
			name = HelloCoreML;
			productName = HelloCoreML;
			productReference = 42C1663D200D025500D4F8EF /* HelloCoreML.app */;
			productType = "com.apple.product-type.application";
		};
		42C16650200D025500D4F8EF /* HelloCoreMLTests */ = {
			isa = PBXNativeTarget;
			buildConfigurationList = 42C16668200D025500D4F8EF /* Build configuration list for PBXNativeTarget "HelloCoreMLTests" */;
			buildPhases = (
				42C1664D200D025500D4F8EF /* Sources */,
				42C1664E200D025500D4F8EF /* Frameworks */,
				42C1664F200D025500D4F8EF /* Resources */,
			);
			buildRules = (
			);
			dependencies = (
				42C16653200D025500D4F8EF /* PBXTargetDependency */,
			);
			name = HelloCoreMLTests;
			productName = HelloCoreMLTests;
			productReference = 42C16651200D025500D4F8EF /* HelloCoreMLTests.xctest */;
			productType = "com.apple.product-type.bundle.unit-test";
		};
		42C1665B200D025500D4F8EF /* HelloCoreMLUITests */ = {
			isa = PBXNativeTarget;
			buildConfigurationList = 42C1666B200D025500D4F8EF /* Build configuration list for PBXNativeTarget "HelloCoreMLUITests" */;
			buildPhases = (
				42C16658200D025500D4F8EF /* Sources */,
				42C16659200D025500D4F8EF /* Frameworks */,
				42C1665A200D025500D4F8EF /* Resources */,
			);
			buildRules = (
			);
			dependencies = (
				42C1665E200D025500D4F8EF /* PBXTargetDependency */,
			);
			name = HelloCoreMLUITests;
			productName = HelloCoreMLUITests;
			productReference = 42C1665C200D025500D4F8EF /* HelloCoreMLUITests.xctest */;
			productType = "com.apple.product-type.bundle.ui-testing";
		};
/* End PBXNativeTarget section */

/* Begin PBXProject section */
		42C16635200D025400D4F8EF /* Project object */ = {
			isa = PBXProject;
			attributes = {
				LastSwiftUpdateCheck = 0920;
				LastUpgradeCheck = 0920;
				ORGANIZATIONNAME = DabeChen;
				TargetAttributes = {
					42C1663C200D025500D4F8EF = {
						CreatedOnToolsVersion = 9.2;
						ProvisioningStyle = Automatic;
					};
					42C16650200D025500D4F8EF = {
						CreatedOnToolsVersion = 9.2;
						ProvisioningStyle = Automatic;
						TestTargetID = 42C1663C200D025500D4F8EF;
					};
					42C1665B200D025500D4F8EF = {
						CreatedOnToolsVersion = 9.2;
						ProvisioningStyle = Automatic;
						TestTargetID = 42C1663C200D025500D4F8EF;
					};
				};
			};
			buildConfigurationList = 42C16638200D025400D4F8EF /* Build configuration list for PBXProject "HelloCoreML" */;
			compatibilityVersion = "Xcode 8.0";
			developmentRegion = en;
			hasScannedForEncodings = 0;
			knownRegions = (
				en,
				Base,
			);
			mainGroup = 42C16634200D025400D4F8EF;
			productRefGroup = 42C1663E200D025500D4F8EF /* Products */;
			projectDirPath = "";
			projectRoot = "";
			targets = (
				42C1663C200D025500D4F8EF /* HelloCoreML */,
				42C16650200D025500D4F8EF /* HelloCoreMLTests */,
				42C1665B200D025500D4F8EF /* HelloCoreMLUITests */,
			);
		};
/* End PBXProject section */

/* Begin PBXResourcesBuildPhase section */
		42C1663B200D025500D4F8EF /* Resources */ = {
			isa = PBXResourcesBuildPhase;
			buildActionMask = 2147483647;
			files = (
				42C1664B200D025500D4F8EF /* LaunchScreen.storyboard in Resources */,
				42C16648200D025500D4F8EF /* Assets.xcassets in Resources */,
				42C16646200D025500D4F8EF /* Main.storyboard in Resources */,
			);
			runOnlyForDeploymentPostprocessing = 0;
		};
		42C1664F200D025500D4F8EF /* Resources */ = {
			isa = PBXResourcesBuildPhase;
			buildActionMask = 2147483647;
			files = (
			);
			runOnlyForDeploymentPostprocessing = 0;
		};
		42C1665A200D025500D4F8EF /* Resources */ = {
			isa = PBXResourcesBuildPhase;
			buildActionMask = 2147483647;
			files = (
			);
			runOnlyForDeploymentPostprocessing = 0;
		};
/* End PBXResourcesBuildPhase section */

/* Begin PBXSourcesBuildPhase section */
		42C16639200D025500D4F8EF /* Sources */ = {
			isa = PBXSourcesBuildPhase;
			buildActionMask = 2147483647;
			files = (
				42C16643200D025500D4F8EF /* ViewController.swift in Sources */,
				42C16641200D025500D4F8EF /* AppDelegate.swift in Sources */,
			);
			runOnlyForDeploymentPostprocessing = 0;
		};
		42C1664D200D025500D4F8EF /* Sources */ = {
			isa = PBXSourcesBuildPhase;
			buildActionMask = 2147483647;
			files = (
				42C16656200D025500D4F8EF /* HelloCoreMLTests.swift in Sources */,
			);
			runOnlyForDeploymentPostprocessing = 0;
		};
		42C16658200D025500D4F8EF /* Sources */ = {
			isa = PBXSourcesBuildPhase;
			buildActionMask = 2147483647;
			files = (
				42C16661200D025500D4F8EF /* HelloCoreMLUITests.swift in Sources */,
			);
			runOnlyForDeploymentPostprocessing = 0;
		};
/* End PBXSourcesBuildPhase section */

/* Begin PBXTargetDependency section */
		42C16653200D025500D4F8EF /* PBXTargetDependency */ = {
			isa = PBXTargetDependency;
			target = 42C1663C200D025500D4F8EF /* HelloCoreML */;
			targetProxy = 42C16652200D025500D4F8EF /* PBXContainerItemProxy */;
		};
		42C1665E200D025500D4F8EF /* PBXTargetDependency */ = {
			isa = PBXTargetDependency;
			target = 42C1663C200D025500D4F8EF /* HelloCoreML */;
			targetProxy = 42C1665D200D025500D4F8EF /* PBXContainerItemProxy */;
		};
/* End PBXTargetDependency section */

/* Begin PBXVariantGroup section */
		42C16644200D025500D4F8EF /* Main.storyboard */ = {
			isa = PBXVariantGroup;
			children = (
				42C16645200D025500D4F8EF /* Base */,
			);
			name = Main.storyboard;
			sourceTree = "<group>";
		};
		42C16649200D025500D4F8EF /* LaunchScreen.storyboard */ = {
			isa = PBXVariantGroup;
			children = (
				42C1664A200D025500D4F8EF /* Base */,
			);
			name = LaunchScreen.storyboard;
			sourceTree = "<group>";
		};
/* End PBXVariantGroup section */

/* Begin XCBuildConfiguration section */
		42C16663200D025500D4F8EF /* Debug */ = {
			isa = XCBuildConfiguration;
			buildSettings = {
				ALWAYS_SEARCH_USER_PATHS = NO;
				CLANG_ANALYZER_NONNULL = YES;
				CLANG_ANALYZER_NUMBER_OBJECT_CONVERSION = YES_AGGRESSIVE;
				CLANG_CXX_LANGUAGE_STANDARD = "gnu++14";
				CLANG_CXX_LIBRARY = "libc++";
				CLANG_ENABLE_MODULES = YES;
				CLANG_ENABLE_OBJC_ARC = YES;
				CLANG_WARN_BLOCK_CAPTURE_AUTORELEASING = YES;
				CLANG_WARN_BOOL_CONVERSION = YES;
				CLANG_WARN_COMMA = YES;
				CLANG_WARN_CONSTANT_CONVERSION = YES;
				CLANG_WARN_DIRECT_OBJC_ISA_USAGE = YES_ERROR;
				CLANG_WARN_DOCUMENTATION_COMMENTS = YES;
				CLANG_WARN_EMPTY_BODY = YES;
				CLANG_WARN_ENUM_CONVERSION = YES;
				CLANG_WARN_INFINITE_RECURSION = YES;
				CLANG_WARN_INT_CONVERSION = YES;
				CLANG_WARN_NON_LITERAL_NULL_CONVERSION = YES;
				CLANG_WARN_OBJC_LITERAL_CONVERSION = YES;
				CLANG_WARN_OBJC_ROOT_CLASS = YES_ERROR;
				CLANG_WARN_RANGE_LOOP_ANALYSIS = YES;
				CLANG_WARN_STRICT_PROTOTYPES = YES;
				CLANG_WARN_SUSPICIOUS_MOVE = YES;
				CLANG_WARN_UNGUARDED_AVAILABILITY = YES_AGGRESSIVE;
				CLANG_WARN_UNREACHABLE_CODE = YES;
				CLANG_WARN__DUPLICATE_METHOD_MATCH = YES;
				CODE_SIGN_IDENTITY = "iPhone Developer";
				COPY_PHASE_STRIP = NO;
				DEBUG_INFORMATION_FORMAT = dwarf;
				ENABLE_STRICT_OBJC_MSGSEND = YES;
				ENABLE_TESTABILITY = YES;
				GCC_C_LANGUAGE_STANDARD = gnu11;
				GCC_DYNAMIC_NO_PIC = NO;
				GCC_NO_COMMON_BLOCKS = YES;
				GCC_OPTIMIZATION_LEVEL = 0;
				GCC_PREPROCESSOR_DEFINITIONS = (
					"DEBUG=1",
					"$(inherited)",
				);
				GCC_WARN_64_TO_32_BIT_CONVERSION = YES;
				GCC_WARN_ABOUT_RETURN_TYPE = YES_ERROR;
				GCC_WARN_UNDECLARED_SELECTOR = YES;
				GCC_WARN_UNINITIALIZED_AUTOS = YES_AGGRESSIVE;
				GCC_WARN_UNUSED_FUNCTION = YES;
				GCC_WARN_UNUSED_VARIABLE = YES;
				IPHONEOS_DEPLOYMENT_TARGET = 11.2;
				MTL_ENABLE_DEBUG_INFO = YES;
				ONLY_ACTIVE_ARCH = YES;
				SDKROOT = iphoneos;
				SWIFT_ACTIVE_COMPILATION_CONDITIONS = DEBUG;
				SWIFT_OPTIMIZATION_LEVEL = "-Onone";
			};
			name = Debug;
		};
		42C16664200D025500D4F8EF /* Release */ = {
			isa = XCBuildConfiguration;
			buildSettings = {
				ALWAYS_SEARCH_USER_PATHS = NO;
				CLANG_ANALYZER_NONNULL = YES;
				CLANG_ANALYZER_NUMBER_OBJECT_CONVERSION = YES_AGGRESSIVE;
				CLANG_CXX_LANGUAGE_STANDARD = "gnu++14";
				CLANG_CXX_LIBRARY = "libc++";
				CLANG_ENABLE_MODULES = YES;
				CLANG_ENABLE_OBJC_ARC = YES;
				CLANG_WARN_BLOCK_CAPTURE_AUTORELEASING = YES;
				CLANG_WARN_BOOL_CONVERSION = YES;
				CLANG_WARN_COMMA = YES;
				CLANG_WARN_CONSTANT_CONVERSION = YES;
				CLANG_WARN_DIRECT_OBJC_ISA_USAGE = YES_ERROR;
				CLANG_WARN_DOCUMENTATION_COMMENTS = YES;
				CLANG_WARN_EMPTY_BODY = YES;
				CLANG_WARN_ENUM_CONVERSION = YES;
				CLANG_WARN_INFINITE_RECURSION = YES;
				CLANG_WARN_INT_CONVERSION = YES;
				CLANG_WARN_NON_LITERAL_NULL_CONVERSION = YES;
				CLANG_WARN_OBJC_LITERAL_CONVERSION = YES;
				CLANG_WARN_OBJC_ROOT_CLASS = YES_ERROR;
				CLANG_WARN_RANGE_LOOP_ANALYSIS = YES;
				CLANG_WARN_STRICT_PROTOTYPES = YES;
				CLANG_WARN_SUSPICIOUS_MOVE = YES;
				CLANG_WARN_UNGUARDED_AVAILABILITY = YES_AGGRESSIVE;
				CLANG_WARN_UNREACHABLE_CODE = YES;
				CLANG_WARN__DUPLICATE_METHOD_MATCH = YES;
				CODE_SIGN_IDENTITY = "iPhone Developer";
				COPY_PHASE_STRIP = NO;
				DEBUG_INFORMATION_FORMAT = "dwarf-with-dsym";
				ENABLE_NS_ASSERTIONS = NO;
				ENABLE_STRICT_OBJC_MSGSEND = YES;
				GCC_C_LANGUAGE_STANDARD = gnu11;
				GCC_NO_COMMON_BLOCKS = YES;
				GCC_WARN_64_TO_32_BIT_CONVERSION = YES;
				GCC_WARN_ABOUT_RETURN_TYPE = YES_ERROR;
				GCC_WARN_UNDECLARED_SELECTOR = YES;
				GCC_WARN_UNINITIALIZED_AUTOS = YES_AGGRESSIVE;
				GCC_WARN_UNUSED_FUNCTION = YES;
				GCC_WARN_UNUSED_VARIABLE = YES;
				IPHONEOS_DEPLOYMENT_TARGET = 11.2;
				MTL_ENABLE_DEBUG_INFO = NO;
				SDKROOT = iphoneos;
				SWIFT_OPTIMIZATION_LEVEL = "-Owholemodule";
				VALIDATE_PRODUCT = YES;
			};
			name = Release;
		};
		42C16666200D025500D4F8EF /* Debug */ = {
			isa = XCBuildConfiguration;
			buildSettings = {
				ASSETCATALOG_COMPILER_APPICON_NAME = AppIcon;
				CODE_SIGN_STYLE = Automatic;
				DEVELOPMENT_TEAM = S8FBP4YLUA;
				INFOPLIST_FILE = HelloCoreML/Info.plist;
				LD_RUNPATH_SEARCH_PATHS = "$(inherited) @executable_path/Frameworks";
				PRODUCT_BUNDLE_IDENTIFIER = com.dabe.HelloCoreML;
				PRODUCT_NAME = "$(TARGET_NAME)";
				SWIFT_VERSION = 4.0;
				TARGETED_DEVICE_FAMILY = "1,2";
			};
			name = Debug;
		};
		42C16667200D025500D4F8EF /* Release */ = {
			isa = XCBuildConfiguration;
			buildSettings = {
				ASSETCATALOG_COMPILER_APPICON_NAME = AppIcon;
				CODE_SIGN_STYLE = Automatic;
				DEVELOPMENT_TEAM = S8FBP4YLUA;
				INFOPLIST_FILE = HelloCoreML/Info.plist;
				LD_RUNPATH_SEARCH_PATHS = "$(inherited) @executable_path/Frameworks";
				PRODUCT_BUNDLE_IDENTIFIER = com.dabe.HelloCoreML;
				PRODUCT_NAME = "$(TARGET_NAME)";
				SWIFT_VERSION = 4.0;
				TARGETED_DEVICE_FAMILY = "1,2";
			};
			name = Release;
		};
		42C16669200D025500D4F8EF /* Debug */ = {
			isa = XCBuildConfiguration;
			buildSettings = {
				ALWAYS_EMBED_SWIFT_STANDARD_LIBRARIES = YES;
				BUNDLE_LOADER = "$(TEST_HOST)";
				CODE_SIGN_STYLE = Automatic;
				DEVELOPMENT_TEAM = S8FBP4YLUA;
				INFOPLIST_FILE = HelloCoreMLTests/Info.plist;
				LD_RUNPATH_SEARCH_PATHS = "$(inherited) @executable_path/Frameworks @loader_path/Frameworks";
				PRODUCT_BUNDLE_IDENTIFIER = com.dabe.HelloCoreMLTests;
				PRODUCT_NAME = "$(TARGET_NAME)";
				SWIFT_VERSION = 4.0;
				TARGETED_DEVICE_FAMILY = "1,2";
				TEST_HOST = "$(BUILT_PRODUCTS_DIR)/HelloCoreML.app/HelloCoreML";
			};
			name = Debug;
		};
		42C1666A200D025500D4F8EF /* Release */ = {
			isa = XCBuildConfiguration;
			buildSettings = {
				ALWAYS_EMBED_SWIFT_STANDARD_LIBRARIES = YES;
				BUNDLE_LOADER = "$(TEST_HOST)";
				CODE_SIGN_STYLE = Automatic;
				DEVELOPMENT_TEAM = S8FBP4YLUA;
				INFOPLIST_FILE = HelloCoreMLTests/Info.plist;
				LD_RUNPATH_SEARCH_PATHS = "$(inherited) @executable_path/Frameworks @loader_path/Frameworks";
				PRODUCT_BUNDLE_IDENTIFIER = com.dabe.HelloCoreMLTests;
				PRODUCT_NAME = "$(TARGET_NAME)";
				SWIFT_VERSION = 4.0;
				TARGETED_DEVICE_FAMILY = "1,2";
				TEST_HOST = "$(BUILT_PRODUCTS_DIR)/HelloCoreML.app/HelloCoreML";
			};
			name = Release;
		};
		42C1666C200D025500D4F8EF /* Debug */ = {
			isa = XCBuildConfiguration;
			buildSettings = {
				ALWAYS_EMBED_SWIFT_STANDARD_LIBRARIES = YES;
				CODE_SIGN_STYLE = Automatic;
				DEVELOPMENT_TEAM = S8FBP4YLUA;
				INFOPLIST_FILE = HelloCoreMLUITests/Info.plist;
				LD_RUNPATH_SEARCH_PATHS = "$(inherited) @executable_path/Frameworks @loader_path/Frameworks";
				PRODUCT_BUNDLE_IDENTIFIER = com.dabe.HelloCoreMLUITests;
				PRODUCT_NAME = "$(TARGET_NAME)";
				SWIFT_VERSION = 4.0;
				TARGETED_DEVICE_FAMILY = "1,2";
				TEST_TARGET_NAME = HelloCoreML;
			};
			name = Debug;
		};
		42C1666D200D025500D4F8EF /* Release */ = {
			isa = XCBuildConfiguration;
			buildSettings = {
				ALWAYS_EMBED_SWIFT_STANDARD_LIBRARIES = YES;
				CODE_SIGN_STYLE = Automatic;
				DEVELOPMENT_TEAM = S8FBP4YLUA;
				INFOPLIST_FILE = HelloCoreMLUITests/Info.plist;
				LD_RUNPATH_SEARCH_PATHS = "$(inherited) @executable_path/Frameworks @loader_path/Frameworks";
				PRODUCT_BUNDLE_IDENTIFIER = com.dabe.HelloCoreMLUITests;
				PRODUCT_NAME = "$(TARGET_NAME)";
				SWIFT_VERSION = 4.0;
				TARGETED_DEVICE_FAMILY = "1,2";
				TEST_TARGET_NAME = HelloCoreML;
			};
			name = Release;
		};
/* End XCBuildConfiguration section */

/* Begin XCConfigurationList section */
		42C16638200D025400D4F8EF /* Build configuration list for PBXProject "HelloCoreML" */ = {
			isa = XCConfigurationList;
			buildConfigurations = (
				42C16663200D025500D4F8EF /* Debug */,
				42C16664200D025500D4F8EF /* Release */,
			);
			defaultConfigurationIsVisible = 0;
			defaultConfigurationName = Release;
		};
		42C16665200D025500D4F8EF /* Build configuration list for PBXNativeTarget "HelloCoreML" */ = {
			isa = XCConfigurationList;
			buildConfigurations = (
				42C16666200D025500D4F8EF /* Debug */,
				42C16667200D025500D4F8EF /* Release */,
			);
			defaultConfigurationIsVisible = 0;
			defaultConfigurationName = Release;
		};
		42C16668200D025500D4F8EF /* Build configuration list for PBXNativeTarget "HelloCoreMLTests" */ = {
			isa = XCConfigurationList;
			buildConfigurations = (
				42C16669200D025500D4F8EF /* Debug */,
				42C1666A200D025500D4F8EF /* Release */,
			);
			defaultConfigurationIsVisible = 0;
			defaultConfigurationName = Release;
		};
		42C1666B200D025500D4F8EF /* Build configuration list for PBXNativeTarget "HelloCoreMLUITests" */ = {
			isa = XCConfigurationList;
			buildConfigurations = (
				42C1666C200D025500D4F8EF /* Debug */,
				42C1666D200D025500D4F8EF /* Release */,
			);
			defaultConfigurationIsVisible = 0;
			defaultConfigurationName = Release;
		};
/* End XCConfigurationList section */
	};
	rootObject = 42C16635200D025400D4F8EF /* Project object */;
}
